<?xml version="1.0" encoding="UTF-8"?>
<Scheme
   version = "1.3">
   <BuildAction>
      <BuildActionEntries>
         <BuildActionEntry
            buildForRunning = "YES">
            <BuildableReference
               BuildableIdentifier = "primary"
               BlueprintIdentifier = "EE302CD124F4A89400D3E45D"
               BuildableName = "MLDPTerminal-iOS.app"
               BlueprintName = "MLDPTerminal-iOS"
               ReferencedContainer = "container:MLDPTerminal-iOS.xcodeproj">
            </BuildableReference>
         </BuildActionEntry>
      </BuildActionEntries>
   </BuildAction>
   <LaunchAction
      useCustomWorkingDirectory = "NO"
      buildConfiguration = "Debug"
      allowLocationSimulation = "YES">
      <BuildableProductRunnable>
         <BuildableReference
            BuildableIdentifier = "primary"
            BlueprintIdentifier = "EE302CD124F4A89400D3E45D"
            BuildableName = "MLDPTerminal-iOS.app"
            BlueprintName = "MLDPTerminal-iOS"
            ReferencedContainer = "container:MLDPTerminal-iOS.xcodeproj">
         </BuildableReference>
      </BuildableProductRunnable>
   </LaunchAction>
</Scheme>
