// !$*UTF8*$!
{
	archiveVersion = 1;
	classes = {
	};
	objectVersion = 51;
	objects = {

/* Begin PBXBuildFile section */
		17B20AF3324640C6F4E3C15D /* libPods-MLDPTerminal-iOS-MLDPTerminal-iOSUITests.a in Frameworks */ = {isa = PBXBuildFile; fileRef = E5A315DC9574BE095D101A9A /* libPods-MLDPTerminal-iOS-MLDPTerminal-iOSUITests.a */; };
		3A506F4BECC0B0CAA7850AF9 /* libPods-MLDPTerminal-iOS.a in Frameworks */ = {isa = PBXBuildFile; fileRef = 5439906F5E68C8036ECB793D /* libPods-MLDPTerminal-iOS.a */; };
		45B800E495DF59A889C98D4C /* RootRouter.swift in Sources */ = {isa = PBXBuildFile; fileRef = 45B80C201F997DC85CED4D55 /* RootRouter.swift */; };
		45B8011AF8315CF1E438A47C /* Terminal.swift in Sources */ = {isa = PBXBuildFile; fileRef = 45B806085ED788B130B27988 /* Terminal.swift */; };
		45B80129A04FC9BD50AF3693 /* R.generated.swift in Sources */ = {isa = PBXBuildFile; fileRef = 45B805903637DF451E61650C /* R.generated.swift */; };
		45B80151B825ED45CE66BAE7 /* SelectDeviceInteractor.swift in Sources */ = {isa = PBXBuildFile; fileRef = 45B8031975AE329528750351 /* SelectDeviceInteractor.swift */; };
		45B8015915AF2AC8CAF6F350 /* BleObserver.swift in Sources */ = {isa = PBXBuildFile; fileRef = 45B8073EC5C7BD98FF215E23 /* BleObserver.swift */; };
		45B8017E225F42B94C7FD5EF /* Terminal.storyboard in Resources */ = {isa = PBXBuildFile; fileRef = 45B8099896AD2C14517EE60D /* Terminal.storyboard */; };
		45B80282D2441B7D00F6C545 /* RootContract.swift in Sources */ = {isa = PBXBuildFile; fileRef = 45B80240C3154E7387B5B331 /* RootContract.swift */; };
		45B80287AACD9C90D0EE0B90 /* IndicatableView.swift in Sources */ = {isa = PBXBuildFile; fileRef = 45B80AF49342B74D91136EB7 /* IndicatableView.swift */; };
		45B8028FBD1281231B36ABF9 /* SelectDevicePresenter.swift in Sources */ = {isa = PBXBuildFile; fileRef = 45B801CF4CB59C1118F4C2A0 /* SelectDevicePresenter.swift */; };
		45B802F69643C92D414FA7B5 /* SelectDeviceRouter.swift in Sources */ = {isa = PBXBuildFile; fileRef = 45B802A6554B199108EE8D93 /* SelectDeviceRouter.swift */; };
		45B803B167B39766C9A4A199 /* TerminalViewController.swift in Sources */ = {isa = PBXBuildFile; fileRef = 45B802DBB1E888FB2B2BA1F6 /* TerminalViewController.swift */; };
		45B803EFEFB53414E71FD63A /* TerminalInteractor.swift in Sources */ = {isa = PBXBuildFile; fileRef = 45B80726E7827AC685B488D3 /* TerminalInteractor.swift */; };
		45B803FFF9630F18E0A46755 /* TextBuffer.swift in Sources */ = {isa = PBXBuildFile; fileRef = 45B80FC97DF5B8D1DB43B216 /* TextBuffer.swift */; };
		45B80485B4674D0A9BF96138 /* ViewProtocols.swift in Sources */ = {isa = PBXBuildFile; fileRef = 45B8086A2CCFACEEC7C7FA32 /* ViewProtocols.swift */; };
		45B80499FEBCA9440B015886 /* SelectDeviceContract.swift in Sources */ = {isa = PBXBuildFile; fileRef = 45B80C04EB91A8E0EAA535EB /* SelectDeviceContract.swift */; };
		45B805304926BF9D9B9DB184 /* EscapeSequenceState.swift in Sources */ = {isa = PBXBuildFile; fileRef = 45B800461F9A0EA7AAD0F65D /* EscapeSequenceState.swift */; };
		45B805FC8453E5A8B30B8D4F /* SelectDeviceViewController.swift in Sources */ = {isa = PBXBuildFile; fileRef = 45B80D04A0F6E64C4911B64A /* SelectDeviceViewController.swift */; };
		45B807157EB5AF0417ABDEF5 /* ButtonContentType.swift in Sources */ = {isa = PBXBuildFile; fileRef = 45B80E20463112C41A9722F8 /* ButtonContentType.swift */; };
		45B807D801E9E4C40A7F89CA /* BleDevice.swift in Sources */ = {isa = PBXBuildFile; fileRef = 45B802D77FE0D9229DFD9DC1 /* BleDevice.swift */; };
		45B80A77469021A3248451C0 /* TerminalPresenter.swift in Sources */ = {isa = PBXBuildFile; fileRef = 45B8073A874DF7FA0DD667C9 /* TerminalPresenter.swift */; };
		45B80B2DAA237576D4FF7F58 /* TerminalContract.swift in Sources */ = {isa = PBXBuildFile; fileRef = 45B8070806E612F42F177C30 /* TerminalContract.swift */; };
		45B80BB626F1C59836982522 /* SelectDevice.storyboard in Resources */ = {isa = PBXBuildFile; fileRef = 45B80676B90E773A94E9B127 /* SelectDevice.storyboard */; };
		45B80C1324679F0B41F01616 /* BleOperation.swift in Sources */ = {isa = PBXBuildFile; fileRef = 45B808DF4BB8A49A89C6E30F /* BleOperation.swift */; };
		45B80C7E32AD88A02E69D4D9 /* Screen.swift in Sources */ = {isa = PBXBuildFile; fileRef = 45B80F0C923C3197B8ECEC3F /* Screen.swift */; };
		45B80C8C5515EA9459691450 /* Assets.xcassets in Resources */ = {isa = PBXBuildFile; fileRef = 45B8072512914EB157103662 /* Assets.xcassets */; };
		45B80CBE563F3AE7C0ACE1A6 /* LaunchScreen.storyboard in Resources */ = {isa = PBXBuildFile; fileRef = 45B80EC187378C6521D70C9D /* LaunchScreen.storyboard */; };
		45B80E4AFAE02914B1F8BE39 /* EscapeSequence.swift in Sources */ = {isa = PBXBuildFile; fileRef = 45B806C89F5B49069F6E2149 /* EscapeSequence.swift */; };
		45B80E769B7138E459C3A404 /* CustomTextView.swift in Sources */ = {isa = PBXBuildFile; fileRef = 45B80A6CB257A3D544CEB3B8 /* CustomTextView.swift */; };
		45B80E91770413D0496375E7 /* TerminalRouter.swift in Sources */ = {isa = PBXBuildFile; fileRef = 45B80BC0322A8908574D2595 /* TerminalRouter.swift */; };
		45B80FE4FBF408FB07DE6888 /* StringExtension.swift in Sources */ = {isa = PBXBuildFile; fileRef = 45B80E02BB6DBF50BD347407 /* StringExtension.swift */; };
		EA02AE281933AB81561A4F9C /* libPods-MLDPTerminal-iOSTests.a in Frameworks */ = {isa = PBXBuildFile; fileRef = 8586B99AF069D584D1E595AF /* libPods-MLDPTerminal-iOSTests.a */; };
		EE302CD624F4A89400D3E45D /* AppDelegate.swift in Sources */ = {isa = PBXBuildFile; fileRef = EE302CD524F4A89400D3E45D /* AppDelegate.swift */; };
		EE302CED24F4A89A00D3E45D /* MLDPTerminal_iOSTests.swift in Sources */ = {isa = PBXBuildFile; fileRef = EE302CEC24F4A89A00D3E45D /* MLDPTerminal_iOSTests.swift */; };
		EE302CF824F4A89A00D3E45D /* MLDPTerminal_iOSUITests.swift in Sources */ = {isa = PBXBuildFile; fileRef = EE302CF724F4A89A00D3E45D /* MLDPTerminal_iOSUITests.swift */; };
		EE302D0D24F4AE0000D3E45D /* BleManager.swift in Sources */ = {isa = PBXBuildFile; fileRef = EE302D0C24F4AE0000D3E45D /* BleManager.swift */; };
		EE3B265824FCD9A800E498C8 /* Default-568h@2x.png in Resources */ = {isa = PBXBuildFile; fileRef = EE3B265724FCD9A800E498C8 /* Default-568h@2x.png */; };
/* End PBXBuildFile section */

/* Begin PBXContainerItemProxy section */
		EE302CE924F4A89A00D3E45D /* PBXContainerItemProxy */ = {
			isa = PBXContainerItemProxy;
			containerPortal = EE302CCA24F4A89400D3E45D /* Project object */;
			proxyType = 1;
			remoteGlobalIDString = EE302CD124F4A89400D3E45D;
			remoteInfo = "MLDPTerminal-iOS";
		};
		EE302CF424F4A89A00D3E45D /* PBXContainerItemProxy */ = {
			isa = PBXContainerItemProxy;
			containerPortal = EE302CCA24F4A89400D3E45D /* Project object */;
			proxyType = 1;
			remoteGlobalIDString = EE302CD124F4A89400D3E45D;
			remoteInfo = "MLDPTerminal-iOS";
		};
/* End PBXContainerItemProxy section */

/* Begin PBXFileReference section */
		062688C8260F5BCE11BBA7E6 /* Pods-MLDPTerminal-iOS.debug.xcconfig */ = {isa = PBXFileReference; includeInIndex = 1; lastKnownFileType = text.xcconfig; name = "Pods-MLDPTerminal-iOS.debug.xcconfig"; path = "Target Support Files/Pods-MLDPTerminal-iOS/Pods-MLDPTerminal-iOS.debug.xcconfig"; sourceTree = "<group>"; };
		34873277B37A781C4392ACE7 /* Pods-MLDPTerminal-iOS-MLDPTerminal-iOSUITests.release.xcconfig */ = {isa = PBXFileReference; includeInIndex = 1; lastKnownFileType = text.xcconfig; name = "Pods-MLDPTerminal-iOS-MLDPTerminal-iOSUITests.release.xcconfig"; path = "Target Support Files/Pods-MLDPTerminal-iOS-MLDPTerminal-iOSUITests/Pods-MLDPTerminal-iOS-MLDPTerminal-iOSUITests.release.xcconfig"; sourceTree = "<group>"; };
		420A5513819888E5FB2EBA6E /* Pods-MLDPTerminal-iOS.release.xcconfig */ = {isa = PBXFileReference; includeInIndex = 1; lastKnownFileType = text.xcconfig; name = "Pods-MLDPTerminal-iOS.release.xcconfig"; path = "Target Support Files/Pods-MLDPTerminal-iOS/Pods-MLDPTerminal-iOS.release.xcconfig"; sourceTree = "<group>"; };
		45B800461F9A0EA7AAD0F65D /* EscapeSequenceState.swift */ = {isa = PBXFileReference; fileEncoding = 4; lastKnownFileType = sourcecode.swift; path = EscapeSequenceState.swift; sourceTree = "<group>"; };
		45B801CF4CB59C1118F4C2A0 /* SelectDevicePresenter.swift */ = {isa = PBXFileReference; fileEncoding = 4; lastKnownFileType = sourcecode.swift; path = SelectDevicePresenter.swift; sourceTree = "<group>"; };
		45B80240C3154E7387B5B331 /* RootContract.swift */ = {isa = PBXFileReference; fileEncoding = 4; lastKnownFileType = sourcecode.swift; path = RootContract.swift; sourceTree = "<group>"; };
		45B802A6554B199108EE8D93 /* SelectDeviceRouter.swift */ = {isa = PBXFileReference; fileEncoding = 4; lastKnownFileType = sourcecode.swift; path = SelectDeviceRouter.swift; sourceTree = "<group>"; };
		45B802D77FE0D9229DFD9DC1 /* BleDevice.swift */ = {isa = PBXFileReference; fileEncoding = 4; lastKnownFileType = sourcecode.swift; path = BleDevice.swift; sourceTree = "<group>"; };
		45B802DBB1E888FB2B2BA1F6 /* TerminalViewController.swift */ = {isa = PBXFileReference; fileEncoding = 4; lastKnownFileType = sourcecode.swift; path = TerminalViewController.swift; sourceTree = "<group>"; };
		45B8031975AE329528750351 /* SelectDeviceInteractor.swift */ = {isa = PBXFileReference; fileEncoding = 4; lastKnownFileType = sourcecode.swift; path = SelectDeviceInteractor.swift; sourceTree = "<group>"; };
		45B8038468B5BADF6C998471 /* Info.plist */ = {isa = PBXFileReference; fileEncoding = 4; lastKnownFileType = text.plist.info; path = Info.plist; sourceTree = "<group>"; };
		45B805903637DF451E61650C /* R.generated.swift */ = {isa = PBXFileReference; fileEncoding = 4; lastKnownFileType = sourcecode.swift; path = R.generated.swift; sourceTree = "<group>"; };
		45B806085ED788B130B27988 /* Terminal.swift */ = {isa = PBXFileReference; fileEncoding = 4; lastKnownFileType = sourcecode.swift; path = Terminal.swift; sourceTree = "<group>"; };
		45B80676B90E773A94E9B127 /* SelectDevice.storyboard */ = {isa = PBXFileReference; lastKnownFileType = file.storyboard; path = SelectDevice.storyboard; sourceTree = "<group>"; };
		45B806C89F5B49069F6E2149 /* EscapeSequence.swift */ = {isa = PBXFileReference; fileEncoding = 4; lastKnownFileType = sourcecode.swift; path = EscapeSequence.swift; sourceTree = "<group>"; };
		45B8070806E612F42F177C30 /* TerminalContract.swift */ = {isa = PBXFileReference; fileEncoding = 4; lastKnownFileType = sourcecode.swift; path = TerminalContract.swift; sourceTree = "<group>"; };
		45B8072512914EB157103662 /* Assets.xcassets */ = {isa = PBXFileReference; lastKnownFileType = folder.assetcatalog; path = Assets.xcassets; sourceTree = "<group>"; };
		45B80726E7827AC685B488D3 /* TerminalInteractor.swift */ = {isa = PBXFileReference; fileEncoding = 4; lastKnownFileType = sourcecode.swift; path = TerminalInteractor.swift; sourceTree = "<group>"; };
		45B8073A874DF7FA0DD667C9 /* TerminalPresenter.swift */ = {isa = PBXFileReference; fileEncoding = 4; lastKnownFileType = sourcecode.swift; path = TerminalPresenter.swift; sourceTree = "<group>"; };
		45B8073EC5C7BD98FF215E23 /* BleObserver.swift */ = {isa = PBXFileReference; fileEncoding = 4; lastKnownFileType = sourcecode.swift; path = BleObserver.swift; sourceTree = "<group>"; };
		45B8086A2CCFACEEC7C7FA32 /* ViewProtocols.swift */ = {isa = PBXFileReference; fileEncoding = 4; lastKnownFileType = sourcecode.swift; path = ViewProtocols.swift; sourceTree = "<group>"; };
		45B808DF4BB8A49A89C6E30F /* BleOperation.swift */ = {isa = PBXFileReference; fileEncoding = 4; lastKnownFileType = sourcecode.swift; path = BleOperation.swift; sourceTree = "<group>"; };
		45B8099896AD2C14517EE60D /* Terminal.storyboard */ = {isa = PBXFileReference; lastKnownFileType = file.storyboard; path = Terminal.storyboard; sourceTree = "<group>"; };
		45B80A6CB257A3D544CEB3B8 /* CustomTextView.swift */ = {isa = PBXFileReference; fileEncoding = 4; lastKnownFileType = sourcecode.swift; path = CustomTextView.swift; sourceTree = "<group>"; };
		45B80AF49342B74D91136EB7 /* IndicatableView.swift */ = {isa = PBXFileReference; fileEncoding = 4; lastKnownFileType = sourcecode.swift; path = IndicatableView.swift; sourceTree = "<group>"; };
		45B80BC0322A8908574D2595 /* TerminalRouter.swift */ = {isa = PBXFileReference; fileEncoding = 4; lastKnownFileType = sourcecode.swift; path = TerminalRouter.swift; sourceTree = "<group>"; };
		45B80C04EB91A8E0EAA535EB /* SelectDeviceContract.swift */ = {isa = PBXFileReference; fileEncoding = 4; lastKnownFileType = sourcecode.swift; path = SelectDeviceContract.swift; sourceTree = "<group>"; };
		45B80C201F997DC85CED4D55 /* RootRouter.swift */ = {isa = PBXFileReference; fileEncoding = 4; lastKnownFileType = sourcecode.swift; path = RootRouter.swift; sourceTree = "<group>"; };
		45B80D04A0F6E64C4911B64A /* SelectDeviceViewController.swift */ = {isa = PBXFileReference; fileEncoding = 4; lastKnownFileType = sourcecode.swift; path = SelectDeviceViewController.swift; sourceTree = "<group>"; };
		45B80E02BB6DBF50BD347407 /* StringExtension.swift */ = {isa = PBXFileReference; fileEncoding = 4; lastKnownFileType = sourcecode.swift; path = StringExtension.swift; sourceTree = "<group>"; };
		45B80E20463112C41A9722F8 /* ButtonContentType.swift */ = {isa = PBXFileReference; fileEncoding = 4; lastKnownFileType = sourcecode.swift; path = ButtonContentType.swift; sourceTree = "<group>"; };
		45B80EC187378C6521D70C9D /* LaunchScreen.storyboard */ = {isa = PBXFileReference; lastKnownFileType = file.storyboard; path = LaunchScreen.storyboard; sourceTree = "<group>"; };
		45B80F0C923C3197B8ECEC3F /* Screen.swift */ = {isa = PBXFileReference; fileEncoding = 4; lastKnownFileType = sourcecode.swift; path = Screen.swift; sourceTree = "<group>"; };
		45B80FC97DF5B8D1DB43B216 /* TextBuffer.swift */ = {isa = PBXFileReference; fileEncoding = 4; lastKnownFileType = sourcecode.swift; path = TextBuffer.swift; sourceTree = "<group>"; };
		4C0A195DA36D163C92C30589 /* Pods-MLDPTerminal-iOS-MLDPTerminal-iOSUITests.debug.xcconfig */ = {isa = PBXFileReference; includeInIndex = 1; lastKnownFileType = text.xcconfig; name = "Pods-MLDPTerminal-iOS-MLDPTerminal-iOSUITests.debug.xcconfig"; path = "Target Support Files/Pods-MLDPTerminal-iOS-MLDPTerminal-iOSUITests/Pods-MLDPTerminal-iOS-MLDPTerminal-iOSUITests.debug.xcconfig"; sourceTree = "<group>"; };
		5439906F5E68C8036ECB793D /* libPods-MLDPTerminal-iOS.a */ = {isa = PBXFileReference; explicitFileType = archive.ar; includeInIndex = 0; path = "libPods-MLDPTerminal-iOS.a"; sourceTree = BUILT_PRODUCTS_DIR; };
		8586B99AF069D584D1E595AF /* libPods-MLDPTerminal-iOSTests.a */ = {isa = PBXFileReference; explicitFileType = archive.ar; includeInIndex = 0; path = "libPods-MLDPTerminal-iOSTests.a"; sourceTree = BUILT_PRODUCTS_DIR; };
		A3341F0840A4923C9148B7C5 /* Pods-MLDPTerminal-iOSTests.debug.xcconfig */ = {isa = PBXFileReference; includeInIndex = 1; lastKnownFileType = text.xcconfig; name = "Pods-MLDPTerminal-iOSTests.debug.xcconfig"; path = "Target Support Files/Pods-MLDPTerminal-iOSTests/Pods-MLDPTerminal-iOSTests.debug.xcconfig"; sourceTree = "<group>"; };
		E5A315DC9574BE095D101A9A /* libPods-MLDPTerminal-iOS-MLDPTerminal-iOSUITests.a */ = {isa = PBXFileReference; explicitFileType = archive.ar; includeInIndex = 0; path = "libPods-MLDPTerminal-iOS-MLDPTerminal-iOSUITests.a"; sourceTree = BUILT_PRODUCTS_DIR; };
		EE302CD224F4A89400D3E45D /* MLDPTerminal-iOS.app */ = {isa = PBXFileReference; explicitFileType = wrapper.application; includeInIndex = 0; path = "MLDPTerminal-iOS.app"; sourceTree = BUILT_PRODUCTS_DIR; };
		EE302CD524F4A89400D3E45D /* AppDelegate.swift */ = {isa = PBXFileReference; lastKnownFileType = sourcecode.swift; path = AppDelegate.swift; sourceTree = "<group>"; };
		EE302CE824F4A89A00D3E45D /* MLDPTerminal-iOSTests.xctest */ = {isa = PBXFileReference; explicitFileType = wrapper.cfbundle; includeInIndex = 0; path = "MLDPTerminal-iOSTests.xctest"; sourceTree = BUILT_PRODUCTS_DIR; };
		EE302CEC24F4A89A00D3E45D /* MLDPTerminal_iOSTests.swift */ = {isa = PBXFileReference; lastKnownFileType = sourcecode.swift; path = MLDPTerminal_iOSTests.swift; sourceTree = "<group>"; };
		EE302CEE24F4A89A00D3E45D /* Info.plist */ = {isa = PBXFileReference; lastKnownFileType = text.plist.xml; path = Info.plist; sourceTree = "<group>"; };
		EE302CF324F4A89A00D3E45D /* MLDPTerminal-iOSUITests.xctest */ = {isa = PBXFileReference; explicitFileType = wrapper.cfbundle; includeInIndex = 0; path = "MLDPTerminal-iOSUITests.xctest"; sourceTree = BUILT_PRODUCTS_DIR; };
		EE302CF724F4A89A00D3E45D /* MLDPTerminal_iOSUITests.swift */ = {isa = PBXFileReference; lastKnownFileType = sourcecode.swift; path = MLDPTerminal_iOSUITests.swift; sourceTree = "<group>"; };
		EE302CF924F4A89A00D3E45D /* Info.plist */ = {isa = PBXFileReference; lastKnownFileType = text.plist.xml; path = Info.plist; sourceTree = "<group>"; };
		EE302D0C24F4AE0000D3E45D /* BleManager.swift */ = {isa = PBXFileReference; lastKnownFileType = sourcecode.swift; path = BleManager.swift; sourceTree = "<group>"; };
		EE3B265724FCD9A800E498C8 /* Default-568h@2x.png */ = {isa = PBXFileReference; lastKnownFileType = image.png; path = "Default-568h@2x.png"; sourceTree = "<group>"; };
		F01E14050C2522FE5B940E4C /* Pods-MLDPTerminal-iOSTests.release.xcconfig */ = {isa = PBXFileReference; includeInIndex = 1; lastKnownFileType = text.xcconfig; name = "Pods-MLDPTerminal-iOSTests.release.xcconfig"; path = "Target Support Files/Pods-MLDPTerminal-iOSTests/Pods-MLDPTerminal-iOSTests.release.xcconfig"; sourceTree = "<group>"; };
/* End PBXFileReference section */

/* Begin PBXFrameworksBuildPhase section */
		EE302CCF24F4A89400D3E45D /* Frameworks */ = {
			isa = PBXFrameworksBuildPhase;
			buildActionMask = 2147483647;
			files = (
				3A506F4BECC0B0CAA7850AF9 /* libPods-MLDPTerminal-iOS.a in Frameworks */,
			);
			runOnlyForDeploymentPostprocessing = 0;
		};
		EE302CE524F4A89A00D3E45D /* Frameworks */ = {
			isa = PBXFrameworksBuildPhase;
			buildActionMask = 2147483647;
			files = (
				EA02AE281933AB81561A4F9C /* libPods-MLDPTerminal-iOSTests.a in Frameworks */,
			);
			runOnlyForDeploymentPostprocessing = 0;
		};
		EE302CF024F4A89A00D3E45D /* Frameworks */ = {
			isa = PBXFrameworksBuildPhase;
			buildActionMask = 2147483647;
			files = (
				17B20AF3324640C6F4E3C15D /* libPods-MLDPTerminal-iOS-MLDPTerminal-iOSUITests.a in Frameworks */,
			);
			runOnlyForDeploymentPostprocessing = 0;
		};
/* End PBXFrameworksBuildPhase section */

/* Begin PBXGroup section */
		45B800320886E4975C173C57 /* resorce */ = {
			isa = PBXGroup;
			children = (
				45B8072512914EB157103662 /* Assets.xcassets */,
				45B805903637DF451E61650C /* R.generated.swift */,
				45B80EC187378C6521D70C9D /* LaunchScreen.storyboard */,
				45B8038468B5BADF6C998471 /* Info.plist */,
			);
			path = resorce;
			sourceTree = "<group>";
		};
		45B800BE3CBC434703A5BCA6 /* modules */ = {
			isa = PBXGroup;
			children = (
				45B80E9AFB13DCF7FFB1A480 /* Terminal */,
				45B801B607AA228FE6BBC656 /* SelectDevice */,
				45B80635DB99EF333F83A7F1 /* Root */,
			);
			path = modules;
			sourceTree = "<group>";
		};
		45B801682996BF98C8DEBD8C /* models */ = {
			isa = PBXGroup;
			children = (
				45B80FC97DF5B8D1DB43B216 /* TextBuffer.swift */,
				45B802D77FE0D9229DFD9DC1 /* BleDevice.swift */,
				45B80F0C923C3197B8ECEC3F /* Screen.swift */,
			);
			path = models;
			sourceTree = "<group>";
		};
		45B801B607AA228FE6BBC656 /* SelectDevice */ = {
			isa = PBXGroup;
			children = (
				45B809EFC9BA83180237138A /* view */,
				45B804DD8950A087A6EF0965 /* interactor */,
				45B801CA6362B8337E9E03C5 /* router */,
				45B8068106477AC14E7D4585 /* presenter */,
				45B809339A854A6A6357FF21 /* contract */,
			);
			path = SelectDevice;
			sourceTree = "<group>";
		};
		45B801CA6362B8337E9E03C5 /* router */ = {
			isa = PBXGroup;
			children = (
				45B802A6554B199108EE8D93 /* SelectDeviceRouter.swift */,
			);
			path = router;
			sourceTree = "<group>";
		};
		45B803AB8C4CF700D8851E51 /* router */ = {
			isa = PBXGroup;
			children = (
				45B80BC0322A8908574D2595 /* TerminalRouter.swift */,
			);
			path = router;
			sourceTree = "<group>";
		};
		45B803AD2D7BE5A8C2CBE7C9 /* contract */ = {
			isa = PBXGroup;
			children = (
				45B8070806E612F42F177C30 /* TerminalContract.swift */,
			);
			path = contract;
			sourceTree = "<group>";
		};
		45B8042E7B8C21CE7C952F07 /* view */ = {
			isa = PBXGroup;
			children = (
				45B802DBB1E888FB2B2BA1F6 /* TerminalViewController.swift */,
				45B8099896AD2C14517EE60D /* Terminal.storyboard */,
				45B80A6CB257A3D544CEB3B8 /* CustomTextView.swift */,
			);
			path = view;
			sourceTree = "<group>";
		};
		45B804DD8950A087A6EF0965 /* interactor */ = {
			isa = PBXGroup;
			children = (
				45B8031975AE329528750351 /* SelectDeviceInteractor.swift */,
			);
			path = interactor;
			sourceTree = "<group>";
		};
		45B80635DB99EF333F83A7F1 /* Root */ = {
			isa = PBXGroup;
			children = (
				45B80240C3154E7387B5B331 /* RootContract.swift */,
				45B80C201F997DC85CED4D55 /* RootRouter.swift */,
			);
			path = Root;
			sourceTree = "<group>";
		};
		45B8068106477AC14E7D4585 /* presenter */ = {
			isa = PBXGroup;
			children = (
				45B801CF4CB59C1118F4C2A0 /* SelectDevicePresenter.swift */,
			);
			path = presenter;
			sourceTree = "<group>";
		};
		45B809339A854A6A6357FF21 /* contract */ = {
			isa = PBXGroup;
			children = (
				45B80C04EB91A8E0EAA535EB /* SelectDeviceContract.swift */,
			);
			path = contract;
			sourceTree = "<group>";
		};
		45B809EFC9BA83180237138A /* view */ = {
			isa = PBXGroup;
			children = (
				45B80676B90E773A94E9B127 /* SelectDevice.storyboard */,
				45B80D04A0F6E64C4911B64A /* SelectDeviceViewController.swift */,
			);
			path = view;
			sourceTree = "<group>";
		};
		45B80A8D106D3DFE1CBC09F0 /* protocols */ = {
			isa = PBXGroup;
			children = (
				45B8086A2CCFACEEC7C7FA32 /* ViewProtocols.swift */,
			);
			path = protocols;
			sourceTree = "<group>";
		};
		45B80C09169CF2FFA6A46775 /* presenter */ = {
			isa = PBXGroup;
			children = (
				45B8073A874DF7FA0DD667C9 /* TerminalPresenter.swift */,
			);
			path = presenter;
			sourceTree = "<group>";
		};
		45B80C4CF19BDED132390259 /* enums */ = {
			isa = PBXGroup;
			children = (
				45B80E20463112C41A9722F8 /* ButtonContentType.swift */,
				45B800461F9A0EA7AAD0F65D /* EscapeSequenceState.swift */,
			);
			path = enums;
			sourceTree = "<group>";
		};
		45B80CEBCBEB1D98CBAF301E /* interactor */ = {
			isa = PBXGroup;
			children = (
				45B80726E7827AC685B488D3 /* TerminalInteractor.swift */,
				45B806C89F5B49069F6E2149 /* EscapeSequence.swift */,
				45B806085ED788B130B27988 /* Terminal.swift */,
			);
			path = interactor;
			sourceTree = "<group>";
		};
		45B80E9AFB13DCF7FFB1A480 /* Terminal */ = {
			isa = PBXGroup;
			children = (
				45B803AD2D7BE5A8C2CBE7C9 /* contract */,
				45B8042E7B8C21CE7C952F07 /* view */,
				45B803AB8C4CF700D8851E51 /* router */,
				45B80C09169CF2FFA6A46775 /* presenter */,
				45B80CEBCBEB1D98CBAF301E /* interactor */,
			);
			path = Terminal;
			sourceTree = "<group>";
		};
		45B80F49134F34153087CB1D /* extensions */ = {
			isa = PBXGroup;
			children = (
				45B80E02BB6DBF50BD347407 /* StringExtension.swift */,
				45B80AF49342B74D91136EB7 /* IndicatableView.swift */,
				45B8073EC5C7BD98FF215E23 /* BleObserver.swift */,
			);
			path = extensions;
			sourceTree = "<group>";
		};
		9EBDD85C39D9974AB6D8641D /* Frameworks */ = {
			isa = PBXGroup;
			children = (
				5439906F5E68C8036ECB793D /* libPods-MLDPTerminal-iOS.a */,
				E5A315DC9574BE095D101A9A /* libPods-MLDPTerminal-iOS-MLDPTerminal-iOSUITests.a */,
				8586B99AF069D584D1E595AF /* libPods-MLDPTerminal-iOSTests.a */,
			);
			name = Frameworks;
			sourceTree = "<group>";
		};
		C995B03CAC71F4B497D5B840 /* Pods */ = {
			isa = PBXGroup;
			children = (
				062688C8260F5BCE11BBA7E6 /* Pods-MLDPTerminal-iOS.debug.xcconfig */,
				420A5513819888E5FB2EBA6E /* Pods-MLDPTerminal-iOS.release.xcconfig */,
				4C0A195DA36D163C92C30589 /* Pods-MLDPTerminal-iOS-MLDPTerminal-iOSUITests.debug.xcconfig */,
				34873277B37A781C4392ACE7 /* Pods-MLDPTerminal-iOS-MLDPTerminal-iOSUITests.release.xcconfig */,
				A3341F0840A4923C9148B7C5 /* Pods-MLDPTerminal-iOSTests.debug.xcconfig */,
				F01E14050C2522FE5B940E4C /* Pods-MLDPTerminal-iOSTests.release.xcconfig */,
			);
			path = Pods;
			sourceTree = "<group>";
		};
		EE302CC924F4A89400D3E45D = {
			isa = PBXGroup;
			children = (
				EE3B265724FCD9A800E498C8 /* Default-568h@2x.png */,
				EE302CD424F4A89400D3E45D /* MLDPTerminal-iOS */,
				EE302CEB24F4A89A00D3E45D /* MLDPTerminal-iOSTests */,
				EE302CF624F4A89A00D3E45D /* MLDPTerminal-iOSUITests */,
				EE302CD324F4A89400D3E45D /* Products */,
				C995B03CAC71F4B497D5B840 /* Pods */,
				9EBDD85C39D9974AB6D8641D /* Frameworks */,
			);
			sourceTree = "<group>";
		};
		EE302CD324F4A89400D3E45D /* Products */ = {
			isa = PBXGroup;
			children = (
				EE302CD224F4A89400D3E45D /* MLDPTerminal-iOS.app */,
				EE302CE824F4A89A00D3E45D /* MLDPTerminal-iOSTests.xctest */,
				EE302CF324F4A89A00D3E45D /* MLDPTerminal-iOSUITests.xctest */,
			);
			name = Products;
			sourceTree = "<group>";
		};
		EE302CD424F4A89400D3E45D /* MLDPTerminal-iOS */ = {
			isa = PBXGroup;
			children = (
				EE302D0B24F4ADCD00D3E45D /* bluetooth */,
				EE302CD524F4A89400D3E45D /* AppDelegate.swift */,
				45B80F49134F34153087CB1D /* extensions */,
				45B800BE3CBC434703A5BCA6 /* modules */,
				45B801682996BF98C8DEBD8C /* models */,
				45B80A8D106D3DFE1CBC09F0 /* protocols */,
				45B800320886E4975C173C57 /* resorce */,
				45B80C4CF19BDED132390259 /* enums */,
			);
			path = "MLDPTerminal-iOS";
			sourceTree = "<group>";
		};
		EE302CEB24F4A89A00D3E45D /* MLDPTerminal-iOSTests */ = {
			isa = PBXGroup;
			children = (
				EE302CEC24F4A89A00D3E45D /* MLDPTerminal_iOSTests.swift */,
				EE302CEE24F4A89A00D3E45D /* Info.plist */,
			);
			path = "MLDPTerminal-iOSTests";
			sourceTree = "<group>";
		};
		EE302CF624F4A89A00D3E45D /* MLDPTerminal-iOSUITests */ = {
			isa = PBXGroup;
			children = (
				EE302CF724F4A89A00D3E45D /* MLDPTerminal_iOSUITests.swift */,
				EE302CF924F4A89A00D3E45D /* Info.plist */,
			);
			path = "MLDPTerminal-iOSUITests";
			sourceTree = "<group>";
		};
		EE302D0B24F4ADCD00D3E45D /* bluetooth */ = {
			isa = PBXGroup;
			children = (
				EE302D0C24F4AE0000D3E45D /* BleManager.swift */,
				45B808DF4BB8A49A89C6E30F /* BleOperation.swift */,
			);
			path = bluetooth;
			sourceTree = "<group>";
		};
/* End PBXGroup section */

/* Begin PBXNativeTarget section */
		EE302CD124F4A89400D3E45D /* MLDPTerminal-iOS */ = {
			isa = PBXNativeTarget;
			buildConfigurationList = EE302CFC24F4A89A00D3E45D /* Build configuration list for PBXNativeTarget "MLDPTerminal-iOS" */;
			buildPhases = (
				3A89C78D41C12142B0154662 /* [CP] Check Pods Manifest.lock */,
				EE302D0E24F5E03700D3E45D /* ShellScript */,
				EE302CCE24F4A89400D3E45D /* Sources */,
				EE302CCF24F4A89400D3E45D /* Frameworks */,
				EE302CD024F4A89400D3E45D /* Resources */,
				A963D367A4D5880C8F25D941 /* [CP] Copy Pods Resources */,
			);
			buildRules = (
			);
			dependencies = (
			);
			name = "MLDPTerminal-iOS";
			productName = "MLDPTerminal-iOS";
			productReference = EE302CD224F4A89400D3E45D /* MLDPTerminal-iOS.app */;
			productType = "com.apple.product-type.application";
		};
		EE302CE724F4A89A00D3E45D /* MLDPTerminal-iOSTests */ = {
			isa = PBXNativeTarget;
			buildConfigurationList = EE302CFF24F4A89A00D3E45D /* Build configuration list for PBXNativeTarget "MLDPTerminal-iOSTests" */;
			buildPhases = (
				7EE7E34BC62667D8F5E1B7E5 /* [CP] Check Pods Manifest.lock */,
				EE302CE424F4A89A00D3E45D /* Sources */,
				EE302CE524F4A89A00D3E45D /* Frameworks */,
				EE302CE624F4A89A00D3E45D /* Resources */,
			);
			buildRules = (
			);
			dependencies = (
				EE302CEA24F4A89A00D3E45D /* PBXTargetDependency */,
			);
			name = "MLDPTerminal-iOSTests";
			productName = "MLDPTerminal-iOSTests";
			productReference = EE302CE824F4A89A00D3E45D /* MLDPTerminal-iOSTests.xctest */;
			productType = "com.apple.product-type.bundle.unit-test";
		};
		EE302CF224F4A89A00D3E45D /* MLDPTerminal-iOSUITests */ = {
			isa = PBXNativeTarget;
			buildConfigurationList = EE302D0224F4A89A00D3E45D /* Build configuration list for PBXNativeTarget "MLDPTerminal-iOSUITests" */;
			buildPhases = (
				C5AC6F60EFEB767BF8518951 /* [CP] Check Pods Manifest.lock */,
				EE302CEF24F4A89A00D3E45D /* Sources */,
				EE302CF024F4A89A00D3E45D /* Frameworks */,
				EE302CF124F4A89A00D3E45D /* Resources */,
				F2985474DEE838290970CA82 /* [CP] Copy Pods Resources */,
			);
			buildRules = (
			);
			dependencies = (
				EE302CF524F4A89A00D3E45D /* PBXTargetDependency */,
			);
			name = "MLDPTerminal-iOSUITests";
			productName = "MLDPTerminal-iOSUITests";
			productReference = EE302CF324F4A89A00D3E45D /* MLDPTerminal-iOSUITests.xctest */;
			productType = "com.apple.product-type.bundle.ui-testing";
		};
/* End PBXNativeTarget section */

/* Begin PBXProject section */
		EE302CCA24F4A89400D3E45D /* Project object */ = {
			isa = PBXProject;
			attributes = {
				LastSwiftUpdateCheck = 1160;
				LastUpgradeCheck = 1160;
				ORGANIZATIONNAME = yokoro;
				TargetAttributes = {
					EE302CD124F4A89400D3E45D = {
						CreatedOnToolsVersion = 11.6;
					};
					EE302CE724F4A89A00D3E45D = {
						CreatedOnToolsVersion = 11.6;
						TestTargetID = EE302CD124F4A89400D3E45D;
					};
					EE302CF224F4A89A00D3E45D = {
						CreatedOnToolsVersion = 11.6;
						TestTargetID = EE302CD124F4A89400D3E45D;
					};
				};
			};
			buildConfigurationList = EE302CCD24F4A89400D3E45D /* Build configuration list for PBXProject "MLDPTerminal-iOS" */;
			compatibilityVersion = "Xcode 9.3";
			developmentRegion = en;
			hasScannedForEncodings = 0;
			knownRegions = (
				en,
				Base,
			);
			mainGroup = EE302CC924F4A89400D3E45D;
			productRefGroup = EE302CD324F4A89400D3E45D /* Products */;
			projectDirPath = "";
			projectRoot = "";
			targets = (
				EE302CD124F4A89400D3E45D /* MLDPTerminal-iOS */,
				EE302CE724F4A89A00D3E45D /* MLDPTerminal-iOSTests */,
				EE302CF224F4A89A00D3E45D /* MLDPTerminal-iOSUITests */,
			);
		};
/* End PBXProject section */

/* Begin PBXResourcesBuildPhase section */
		EE302CD024F4A89400D3E45D /* Resources */ = {
			isa = PBXResourcesBuildPhase;
			buildActionMask = 2147483647;
			files = (
				45B80C8C5515EA9459691450 /* Assets.xcassets in Resources */,
				45B80CBE563F3AE7C0ACE1A6 /* LaunchScreen.storyboard in Resources */,
				45B8017E225F42B94C7FD5EF /* Terminal.storyboard in Resources */,
				EE3B265824FCD9A800E498C8 /* Default-568h@2x.png in Resources */,
				45B80BB626F1C59836982522 /* SelectDevice.storyboard in Resources */,
			);
			runOnlyForDeploymentPostprocessing = 0;
		};
		EE302CE624F4A89A00D3E45D /* Resources */ = {
			isa = PBXResourcesBuildPhase;
			buildActionMask = 2147483647;
			files = (
			);
			runOnlyForDeploymentPostprocessing = 0;
		};
		EE302CF124F4A89A00D3E45D /* Resources */ = {
			isa = PBXResourcesBuildPhase;
			buildActionMask = 2147483647;
			files = (
			);
			runOnlyForDeploymentPostprocessing = 0;
		};
/* End PBXResourcesBuildPhase section */

/* Begin PBXShellScriptBuildPhase section */
		3A89C78D41C12142B0154662 /* [CP] Check Pods Manifest.lock */ = {
			isa = PBXShellScriptBuildPhase;
			buildActionMask = 2147483647;
			files = (
			);
			inputFileListPaths = (
			);
			inputPaths = (
				"${PODS_PODFILE_DIR_PATH}/Podfile.lock",
				"${PODS_ROOT}/Manifest.lock",
			);
			name = "[CP] Check Pods Manifest.lock";
			outputFileListPaths = (
			);
			outputPaths = (
				"$(DERIVED_FILE_DIR)/Pods-MLDPTerminal-iOS-checkManifestLockResult.txt",
			);
			runOnlyForDeploymentPostprocessing = 0;
			shellPath = /bin/sh;
			shellScript = "diff \"${PODS_PODFILE_DIR_PATH}/Podfile.lock\" \"${PODS_ROOT}/Manifest.lock\" > /dev/null\nif [ $? != 0 ] ; then\n    # print error to STDERR\n    echo \"error: The sandbox is not in sync with the Podfile.lock. Run 'pod install' or update your CocoaPods installation.\" >&2\n    exit 1\nfi\n# This output is used by Xcode 'outputs' to avoid re-running this script phase.\necho \"SUCCESS\" > \"${SCRIPT_OUTPUT_FILE_0}\"\n";
			showEnvVarsInLog = 0;
		};
		7EE7E34BC62667D8F5E1B7E5 /* [CP] Check Pods Manifest.lock */ = {
			isa = PBXShellScriptBuildPhase;
			buildActionMask = 2147483647;
			files = (
			);
			inputFileListPaths = (
			);
			inputPaths = (
				"${PODS_PODFILE_DIR_PATH}/Podfile.lock",
				"${PODS_ROOT}/Manifest.lock",
			);
			name = "[CP] Check Pods Manifest.lock";
			outputFileListPaths = (
			);
			outputPaths = (
				"$(DERIVED_FILE_DIR)/Pods-MLDPTerminal-iOSTests-checkManifestLockResult.txt",
			);
			runOnlyForDeploymentPostprocessing = 0;
			shellPath = /bin/sh;
			shellScript = "diff \"${PODS_PODFILE_DIR_PATH}/Podfile.lock\" \"${PODS_ROOT}/Manifest.lock\" > /dev/null\nif [ $? != 0 ] ; then\n    # print error to STDERR\n    echo \"error: The sandbox is not in sync with the Podfile.lock. Run 'pod install' or update your CocoaPods installation.\" >&2\n    exit 1\nfi\n# This output is used by Xcode 'outputs' to avoid re-running this script phase.\necho \"SUCCESS\" > \"${SCRIPT_OUTPUT_FILE_0}\"\n";
			showEnvVarsInLog = 0;
		};
		A963D367A4D5880C8F25D941 /* [CP] Copy Pods Resources */ = {
			isa = PBXShellScriptBuildPhase;
			buildActionMask = 2147483647;
			files = (
			);
			inputFileListPaths = (
				"${PODS_ROOT}/Target Support Files/Pods-MLDPTerminal-iOS/Pods-MLDPTerminal-iOS-resources-${CONFIGURATION}-input-files.xcfilelist",
			);
			name = "[CP] Copy Pods Resources";
			outputFileListPaths = (
				"${PODS_ROOT}/Target Support Files/Pods-MLDPTerminal-iOS/Pods-MLDPTerminal-iOS-resources-${CONFIGURATION}-output-files.xcfilelist",
			);
			runOnlyForDeploymentPostprocessing = 0;
			shellPath = /bin/sh;
			shellScript = "\"${PODS_ROOT}/Target Support Files/Pods-MLDPTerminal-iOS/Pods-MLDPTerminal-iOS-resources.sh\"\n";
			showEnvVarsInLog = 0;
		};
		C5AC6F60EFEB767BF8518951 /* [CP] Check Pods Manifest.lock */ = {
			isa = PBXShellScriptBuildPhase;
			buildActionMask = 2147483647;
			files = (
			);
			inputFileListPaths = (
			);
			inputPaths = (
				"${PODS_PODFILE_DIR_PATH}/Podfile.lock",
				"${PODS_ROOT}/Manifest.lock",
			);
			name = "[CP] Check Pods Manifest.lock";
			outputFileListPaths = (
			);
			outputPaths = (
				"$(DERIVED_FILE_DIR)/Pods-MLDPTerminal-iOS-MLDPTerminal-iOSUITests-checkManifestLockResult.txt",
			);
			runOnlyForDeploymentPostprocessing = 0;
			shellPath = /bin/sh;
			shellScript = "diff \"${PODS_PODFILE_DIR_PATH}/Podfile.lock\" \"${PODS_ROOT}/Manifest.lock\" > /dev/null\nif [ $? != 0 ] ; then\n    # print error to STDERR\n    echo \"error: The sandbox is not in sync with the Podfile.lock. Run 'pod install' or update your CocoaPods installation.\" >&2\n    exit 1\nfi\n# This output is used by Xcode 'outputs' to avoid re-running this script phase.\necho \"SUCCESS\" > \"${SCRIPT_OUTPUT_FILE_0}\"\n";
			showEnvVarsInLog = 0;
		};
		EE302D0E24F5E03700D3E45D /* ShellScript */ = {
			isa = PBXShellScriptBuildPhase;
			buildActionMask = 2147483647;
			files = (
			);
			inputFileListPaths = (
			);
			inputPaths = (
				"$TEMP_DIR/rswift-lastrun",
			);
			outputFileListPaths = (
			);
			outputPaths = (
				$SRCROOT/R.generated.swift,
			);
			runOnlyForDeploymentPostprocessing = 0;
			shellPath = /bin/sh;
			shellScript = "# Type a script or drag a script file from your workspace to insert its path.\n\"$PODS_ROOT/R.swift/rswift\" generate \"$SRCROOT/R.generated.swift\"\n";
		};
		F2985474DEE838290970CA82 /* [CP] Copy Pods Resources */ = {
			isa = PBXShellScriptBuildPhase;
			buildActionMask = 2147483647;
			files = (
			);
			inputFileListPaths = (
				"${PODS_ROOT}/Target Support Files/Pods-MLDPTerminal-iOS-MLDPTerminal-iOSUITests/Pods-MLDPTerminal-iOS-MLDPTerminal-iOSUITests-resources-${CONFIGURATION}-input-files.xcfilelist",
			);
			name = "[CP] Copy Pods Resources";
			outputFileListPaths = (
				"${PODS_ROOT}/Target Support Files/Pods-MLDPTerminal-iOS-MLDPTerminal-iOSUITests/Pods-MLDPTerminal-iOS-MLDPTerminal-iOSUITests-resources-${CONFIGURATION}-output-files.xcfilelist",
			);
			runOnlyForDeploymentPostprocessing = 0;
			shellPath = /bin/sh;
			shellScript = "\"${PODS_ROOT}/Target Support Files/Pods-MLDPTerminal-iOS-MLDPTerminal-iOSUITests/Pods-MLDPTerminal-iOS-MLDPTerminal-iOSUITests-resources.sh\"\n";
			showEnvVarsInLog = 0;
		};
/* End PBXShellScriptBuildPhase section */

/* Begin PBXSourcesBuildPhase section */
		EE302CCE24F4A89400D3E45D /* Sources */ = {
			isa = PBXSourcesBuildPhase;
			buildActionMask = 2147483647;
			files = (
				EE302CD624F4A89400D3E45D /* AppDelegate.swift in Sources */,
				EE302D0D24F4AE0000D3E45D /* BleManager.swift in Sources */,
				45B80FE4FBF408FB07DE6888 /* StringExtension.swift in Sources */,
				45B803FFF9630F18E0A46755 /* TextBuffer.swift in Sources */,
				45B80287AACD9C90D0EE0B90 /* IndicatableView.swift in Sources */,
				45B80485B4674D0A9BF96138 /* ViewProtocols.swift in Sources */,
				45B803B167B39766C9A4A199 /* TerminalViewController.swift in Sources */,
				45B80E91770413D0496375E7 /* TerminalRouter.swift in Sources */,
				45B803EFEFB53414E71FD63A /* TerminalInteractor.swift in Sources */,
				45B80129A04FC9BD50AF3693 /* R.generated.swift in Sources */,
				45B80282D2441B7D00F6C545 /* RootContract.swift in Sources */,
				45B800E495DF59A889C98D4C /* RootRouter.swift in Sources */,
				45B80B2DAA237576D4FF7F58 /* TerminalContract.swift in Sources */,
				45B80A77469021A3248451C0 /* TerminalPresenter.swift in Sources */,
				45B80E769B7138E459C3A404 /* CustomTextView.swift in Sources */,
				45B80499FEBCA9440B015886 /* SelectDeviceContract.swift in Sources */,
				45B80151B825ED45CE66BAE7 /* SelectDeviceInteractor.swift in Sources */,
				45B8028FBD1281231B36ABF9 /* SelectDevicePresenter.swift in Sources */,
				45B802F69643C92D414FA7B5 /* SelectDeviceRouter.swift in Sources */,
				45B8015915AF2AC8CAF6F350 /* BleObserver.swift in Sources */,
				45B807D801E9E4C40A7F89CA /* BleDevice.swift in Sources */,
				45B805FC8453E5A8B30B8D4F /* SelectDeviceViewController.swift in Sources */,
				45B80C1324679F0B41F01616 /* BleOperation.swift in Sources */,
				45B807157EB5AF0417ABDEF5 /* ButtonContentType.swift in Sources */,
				45B80C7E32AD88A02E69D4D9 /* Screen.swift in Sources */,
				45B80E4AFAE02914B1F8BE39 /* EscapeSequence.swift in Sources */,
				45B8011AF8315CF1E438A47C /* Terminal.swift in Sources */,
				45B805304926BF9D9B9DB184 /* EscapeSequenceState.swift in Sources */,
			);
			runOnlyForDeploymentPostprocessing = 0;
		};
		EE302CE424F4A89A00D3E45D /* Sources */ = {
			isa = PBXSourcesBuildPhase;
			buildActionMask = 2147483647;
			files = (
				EE302CED24F4A89A00D3E45D /* MLDPTerminal_iOSTests.swift in Sources */,
			);
			runOnlyForDeploymentPostprocessing = 0;
		};
		EE302CEF24F4A89A00D3E45D /* Sources */ = {
			isa = PBXSourcesBuildPhase;
			buildActionMask = 2147483647;
			files = (
				EE302CF824F4A89A00D3E45D /* MLDPTerminal_iOSUITests.swift in Sources */,
			);
			runOnlyForDeploymentPostprocessing = 0;
		};
/* End PBXSourcesBuildPhase section */

/* Begin PBXTargetDependency section */
		EE302CEA24F4A89A00D3E45D /* PBXTargetDependency */ = {
			isa = PBXTargetDependency;
			target = EE302CD124F4A89400D3E45D /* MLDPTerminal-iOS */;
			targetProxy = EE302CE924F4A89A00D3E45D /* PBXContainerItemProxy */;
		};
		EE302CF524F4A89A00D3E45D /* PBXTargetDependency */ = {
			isa = PBXTargetDependency;
			target = EE302CD124F4A89400D3E45D /* MLDPTerminal-iOS */;
			targetProxy = EE302CF424F4A89A00D3E45D /* PBXContainerItemProxy */;
		};
/* End PBXTargetDependency section */

/* Begin XCBuildConfiguration section */
		EE302CFA24F4A89A00D3E45D /* Debug */ = {
			isa = XCBuildConfiguration;
			buildSettings = {
				ALWAYS_SEARCH_USER_PATHS = NO;
				CLANG_ANALYZER_NONNULL = YES;
				CLANG_ANALYZER_NUMBER_OBJECT_CONVERSION = YES_AGGRESSIVE;
				CLANG_CXX_LANGUAGE_STANDARD = "gnu++14";
				CLANG_CXX_LIBRARY = "libc++";
				CLANG_ENABLE_MODULES = YES;
				CLANG_ENABLE_OBJC_ARC = YES;
				CLANG_ENABLE_OBJC_WEAK = YES;
				CLANG_WARN_BLOCK_CAPTURE_AUTORELEASING = YES;
				CLANG_WARN_BOOL_CONVERSION = YES;
				CLANG_WARN_COMMA = YES;
				CLANG_WARN_CONSTANT_CONVERSION = YES;
				CLANG_WARN_DEPRECATED_OBJC_IMPLEMENTATIONS = YES;
				CLANG_WARN_DIRECT_OBJC_ISA_USAGE = YES_ERROR;
				CLANG_WARN_DOCUMENTATION_COMMENTS = YES;
				CLANG_WARN_EMPTY_BODY = YES;
				CLANG_WARN_ENUM_CONVERSION = YES;
				CLANG_WARN_INFINITE_RECURSION = YES;
				CLANG_WARN_INT_CONVERSION = YES;
				CLANG_WARN_NON_LITERAL_NULL_CONVERSION = YES;
				CLANG_WARN_OBJC_IMPLICIT_RETAIN_SELF = YES;
				CLANG_WARN_OBJC_LITERAL_CONVERSION = YES;
				CLANG_WARN_OBJC_ROOT_CLASS = YES_ERROR;
				CLANG_WARN_RANGE_LOOP_ANALYSIS = YES;
				CLANG_WARN_STRICT_PROTOTYPES = YES;
				CLANG_WARN_SUSPICIOUS_MOVE = YES;
				CLANG_WARN_UNGUARDED_AVAILABILITY = YES_AGGRESSIVE;
				CLANG_WARN_UNREACHABLE_CODE = YES;
				CLANG_WARN__DUPLICATE_METHOD_MATCH = YES;
				COPY_PHASE_STRIP = NO;
				DEBUG_INFORMATION_FORMAT = dwarf;
				ENABLE_STRICT_OBJC_MSGSEND = YES;
				ENABLE_TESTABILITY = YES;
				GCC_C_LANGUAGE_STANDARD = gnu11;
				GCC_DYNAMIC_NO_PIC = NO;
				GCC_NO_COMMON_BLOCKS = YES;
				GCC_OPTIMIZATION_LEVEL = 0;
				GCC_PREPROCESSOR_DEFINITIONS = (
					"DEBUG=1",
					"$(inherited)",
				);
				GCC_WARN_64_TO_32_BIT_CONVERSION = YES;
				GCC_WARN_ABOUT_RETURN_TYPE = YES_ERROR;
				GCC_WARN_UNDECLARED_SELECTOR = YES;
				GCC_WARN_UNINITIALIZED_AUTOS = YES_AGGRESSIVE;
				GCC_WARN_UNUSED_FUNCTION = YES;
				GCC_WARN_UNUSED_VARIABLE = YES;
				IPHONEOS_DEPLOYMENT_TARGET = 13.6;
				MTL_ENABLE_DEBUG_INFO = INCLUDE_SOURCE;
				MTL_FAST_MATH = YES;
				ONLY_ACTIVE_ARCH = YES;
				SDKROOT = iphoneos;
				SWIFT_ACTIVE_COMPILATION_CONDITIONS = DEBUG;
				SWIFT_OPTIMIZATION_LEVEL = "-Onone";
			};
			name = Debug;
		};
		EE302CFB24F4A89A00D3E45D /* Release */ = {
			isa = XCBuildConfiguration;
			buildSettings = {
				ALWAYS_SEARCH_USER_PATHS = NO;
				CLANG_ANALYZER_NONNULL = YES;
				CLANG_ANALYZER_NUMBER_OBJECT_CONVERSION = YES_AGGRESSIVE;
				CLANG_CXX_LANGUAGE_STANDARD = "gnu++14";
				CLANG_CXX_LIBRARY = "libc++";
				CLANG_ENABLE_MODULES = YES;
				CLANG_ENABLE_OBJC_ARC = YES;
				CLANG_ENABLE_OBJC_WEAK = YES;
				CLANG_WARN_BLOCK_CAPTURE_AUTORELEASING = YES;
				CLANG_WARN_BOOL_CONVERSION = YES;
				CLANG_WARN_COMMA = YES;
				CLANG_WARN_CONSTANT_CONVERSION = YES;
				CLANG_WARN_DEPRECATED_OBJC_IMPLEMENTATIONS = YES;
				CLANG_WARN_DIRECT_OBJC_ISA_USAGE = YES_ERROR;
				CLANG_WARN_DOCUMENTATION_COMMENTS = YES;
				CLANG_WARN_EMPTY_BODY = YES;
				CLANG_WARN_ENUM_CONVERSION = YES;
				CLANG_WARN_INFINITE_RECURSION = YES;
				CLANG_WARN_INT_CONVERSION = YES;
				CLANG_WARN_NON_LITERAL_NULL_CONVERSION = YES;
				CLANG_WARN_OBJC_IMPLICIT_RETAIN_SELF = YES;
				CLANG_WARN_OBJC_LITERAL_CONVERSION = YES;
				CLANG_WARN_OBJC_ROOT_CLASS = YES_ERROR;
				CLANG_WARN_RANGE_LOOP_ANALYSIS = YES;
				CLANG_WARN_STRICT_PROTOTYPES = YES;
				CLANG_WARN_SUSPICIOUS_MOVE = YES;
				CLANG_WARN_UNGUARDED_AVAILABILITY = YES_AGGRESSIVE;
				CLANG_WARN_UNREACHABLE_CODE = YES;
				CLANG_WARN__DUPLICATE_METHOD_MATCH = YES;
				COPY_PHASE_STRIP = NO;
				DEBUG_INFORMATION_FORMAT = "dwarf-with-dsym";
				ENABLE_NS_ASSERTIONS = NO;
				ENABLE_STRICT_OBJC_MSGSEND = YES;
				GCC_C_LANGUAGE_STANDARD = gnu11;
				GCC_NO_COMMON_BLOCKS = YES;
				GCC_WARN_64_TO_32_BIT_CONVERSION = YES;
				GCC_WARN_ABOUT_RETURN_TYPE = YES_ERROR;
				GCC_WARN_UNDECLARED_SELECTOR = YES;
				GCC_WARN_UNINITIALIZED_AUTOS = YES_AGGRESSIVE;
				GCC_WARN_UNUSED_FUNCTION = YES;
				GCC_WARN_UNUSED_VARIABLE = YES;
				IPHONEOS_DEPLOYMENT_TARGET = 13.6;
				MTL_ENABLE_DEBUG_INFO = NO;
				MTL_FAST_MATH = YES;
				SDKROOT = iphoneos;
				SWIFT_COMPILATION_MODE = wholemodule;
				SWIFT_OPTIMIZATION_LEVEL = "-O";
				VALIDATE_PRODUCT = YES;
			};
			name = Release;
		};
		EE302CFD24F4A89A00D3E45D /* Debug */ = {
			isa = XCBuildConfiguration;
			baseConfigurationReference = 062688C8260F5BCE11BBA7E6 /* Pods-MLDPTerminal-iOS.debug.xcconfig */;
			buildSettings = {
				ASSETCATALOG_COMPILER_APPICON_NAME = AppIcon;
				CODE_SIGN_STYLE = Automatic;
				DEVELOPMENT_TEAM = GSBZFJG6QB;
				INFOPLIST_FILE = "MLDPTerminal-iOS/Info.plist";
				LD_RUNPATH_SEARCH_PATHS = (
					"$(inherited)",
					"@executable_path/Frameworks",
				);
				PRODUCT_BUNDLE_IDENTIFIER = "com.MLDPTerminal-iOS";
				PRODUCT_NAME = "$(TARGET_NAME)";
				SWIFT_VERSION = 5.0;
				TARGETED_DEVICE_FAMILY = "1,2";
			};
			name = Debug;
		};
		EE302CFE24F4A89A00D3E45D /* Release */ = {
			isa = XCBuildConfiguration;
			baseConfigurationReference = 420A5513819888E5FB2EBA6E /* Pods-MLDPTerminal-iOS.release.xcconfig */;
			buildSettings = {
				ASSETCATALOG_COMPILER_APPICON_NAME = AppIcon;
				CODE_SIGN_STYLE = Automatic;
				DEVELOPMENT_TEAM = GSBZFJG6QB;
				INFOPLIST_FILE = "MLDPTerminal-iOS/Info.plist";
				LD_RUNPATH_SEARCH_PATHS = (
					"$(inherited)",
					"@executable_path/Frameworks",
				);
				PRODUCT_BUNDLE_IDENTIFIER = "com.MLDPTerminal-iOS";
				PRODUCT_NAME = "$(TARGET_NAME)";
				SWIFT_VERSION = 5.0;
				TARGETED_DEVICE_FAMILY = "1,2";
			};
			name = Release;
		};
		EE302D0024F4A89A00D3E45D /* Debug */ = {
			isa = XCBuildConfiguration;
			baseConfigurationReference = A3341F0840A4923C9148B7C5 /* Pods-MLDPTerminal-iOSTests.debug.xcconfig */;
			buildSettings = {
				ALWAYS_EMBED_SWIFT_STANDARD_LIBRARIES = YES;
				BUNDLE_LOADER = "$(TEST_HOST)";
				CODE_SIGN_STYLE = Automatic;
				DEVELOPMENT_TEAM = GSBZFJG6QB;
				INFOPLIST_FILE = "MLDPTerminal-iOSTests/Info.plist";
				IPHONEOS_DEPLOYMENT_TARGET = 13.6;
				LD_RUNPATH_SEARCH_PATHS = (
					"$(inherited)",
					"@executable_path/Frameworks",
					"@loader_path/Frameworks",
				);
				PRODUCT_BUNDLE_IDENTIFIER = "com.MLDPTerminal-iOSTests";
				PRODUCT_NAME = "$(TARGET_NAME)";
				SWIFT_VERSION = 5.0;
				TARGETED_DEVICE_FAMILY = "1,2";
				TEST_HOST = "$(BUILT_PRODUCTS_DIR)/MLDPTerminal-iOS.app/MLDPTerminal-iOS";
			};
			name = Debug;
		};
		EE302D0124F4A89A00D3E45D /* Release */ = {
			isa = XCBuildConfiguration;
			baseConfigurationReference = F01E14050C2522FE5B940E4C /* Pods-MLDPTerminal-iOSTests.release.xcconfig */;
			buildSettings = {
				ALWAYS_EMBED_SWIFT_STANDARD_LIBRARIES = YES;
				BUNDLE_LOADER = "$(TEST_HOST)";
				CODE_SIGN_STYLE = Automatic;
				DEVELOPMENT_TEAM = GSBZFJG6QB;
				INFOPLIST_FILE = "MLDPTerminal-iOSTests/Info.plist";
				IPHONEOS_DEPLOYMENT_TARGET = 13.6;
				LD_RUNPATH_SEARCH_PATHS = (
					"$(inherited)",
					"@executable_path/Frameworks",
					"@loader_path/Frameworks",
				);
				PRODUCT_BUNDLE_IDENTIFIER = "com.MLDPTerminal-iOSTests";
				PRODUCT_NAME = "$(TARGET_NAME)";
				SWIFT_VERSION = 5.0;
				TARGETED_DEVICE_FAMILY = "1,2";
				TEST_HOST = "$(BUILT_PRODUCTS_DIR)/MLDPTerminal-iOS.app/MLDPTerminal-iOS";
			};
			name = Release;
		};
		EE302D0324F4A89A00D3E45D /* Debug */ = {
			isa = XCBuildConfiguration;
			baseConfigurationReference = 4C0A195DA36D163C92C30589 /* Pods-MLDPTerminal-iOS-MLDPTerminal-iOSUITests.debug.xcconfig */;
			buildSettings = {
				ALWAYS_EMBED_SWIFT_STANDARD_LIBRARIES = YES;
				CODE_SIGN_STYLE = Automatic;
				DEVELOPMENT_TEAM = GSBZFJG6QB;
				INFOPLIST_FILE = "MLDPTerminal-iOSUITests/Info.plist";
				LD_RUNPATH_SEARCH_PATHS = (
					"$(inherited)",
					"@executable_path/Frameworks",
					"@loader_path/Frameworks",
				);
				PRODUCT_BUNDLE_IDENTIFIER = "com.MLDPTerminal-iOSUITests";
				PRODUCT_NAME = "$(TARGET_NAME)";
				SWIFT_VERSION = 5.0;
				TARGETED_DEVICE_FAMILY = "1,2";
				TEST_TARGET_NAME = "MLDPTerminal-iOS";
			};
			name = Debug;
		};
		EE302D0424F4A89A00D3E45D /* Release */ = {
			isa = XCBuildConfiguration;
			baseConfigurationReference = 34873277B37A781C4392ACE7 /* Pods-MLDPTerminal-iOS-MLDPTerminal-iOSUITests.release.xcconfig */;
			buildSettings = {
				ALWAYS_EMBED_SWIFT_STANDARD_LIBRARIES = YES;
				CODE_SIGN_STYLE = Automatic;
				DEVELOPMENT_TEAM = GSBZFJG6QB;
				INFOPLIST_FILE = "MLDPTerminal-iOSUITests/Info.plist";
				LD_RUNPATH_SEARCH_PATHS = (
					"$(inherited)",
					"@executable_path/Frameworks",
					"@loader_path/Frameworks",
				);
				PRODUCT_BUNDLE_IDENTIFIER = "com.MLDPTerminal-iOSUITests";
				PRODUCT_NAME = "$(TARGET_NAME)";
				SWIFT_VERSION = 5.0;
				TARGETED_DEVICE_FAMILY = "1,2";
				TEST_TARGET_NAME = "MLDPTerminal-iOS";
			};
			name = Release;
		};
/* End XCBuildConfiguration section */

/* Begin XCConfigurationList section */
		EE302CCD24F4A89400D3E45D /* Build configuration list for PBXProject "MLDPTerminal-iOS" */ = {
			isa = XCConfigurationList;
			buildConfigurations = (
				EE302CFA24F4A89A00D3E45D /* Debug */,
				EE302CFB24F4A89A00D3E45D /* Release */,
			);
			defaultConfigurationIsVisible = 0;
			defaultConfigurationName = Release;
		};
		EE302CFC24F4A89A00D3E45D /* Build configuration list for PBXNativeTarget "MLDPTerminal-iOS" */ = {
			isa = XCConfigurationList;
			buildConfigurations = (
				EE302CFD24F4A89A00D3E45D /* Debug */,
				EE302CFE24F4A89A00D3E45D /* Release */,
			);
			defaultConfigurationIsVisible = 0;
			defaultConfigurationName = Release;
		};
		EE302CFF24F4A89A00D3E45D /* Build configuration list for PBXNativeTarget "MLDPTerminal-iOSTests" */ = {
			isa = XCConfigurationList;
			buildConfigurations = (
				EE302D0024F4A89A00D3E45D /* Debug */,
				EE302D0124F4A89A00D3E45D /* Release */,
			);
			defaultConfigurationIsVisible = 0;
			defaultConfigurationName = Release;
		};
		EE302D0224F4A89A00D3E45D /* Build configuration list for PBXNativeTarget "MLDPTerminal-iOSUITests" */ = {
			isa = XCConfigurationList;
			buildConfigurations = (
				EE302D0324F4A89A00D3E45D /* Debug */,
				EE302D0424F4A89A00D3E45D /* Release */,
			);
			defaultConfigurationIsVisible = 0;
			defaultConfigurationName = Release;
		};
/* End XCConfigurationList section */
	};
	rootObject = EE302CCA24F4A89400D3E45D /* Project object */;
}
